
Microsoft Visual Studio Solution File, Format Version 12.00
# Visual Studio Version 17
VisualStudioVersion = 17.11.35303.130
MinimumVisualStudioVersion = 10.0.40219.1
Project("{2150E333-8FDC-42A3-9474-1A3956D46DE8}") = "Task0", "Task0", "{1FA21750-5B76-481C-86B6-09057599A65D}"
EndProject
Project("{9A19103F-16F7-4668-BE54-9A1E7A4F7556}") = "Tyuiu.GolubevDS.Sprint4.Task0.V29", "Tyuiu.GolubevDS.Sprint4.Task0.V29\Tyuiu.GolubevDS.Sprint4.Task0.V29.csproj", "{062A4BAE-1ED5-47D3-A4D6-B263D53C2C59}"
EndProject
Project("{9A19103F-16F7-4668-BE54-9A1E7A4F7556}") = "Tyuiu.GolubevDS.Sprint4.Task0.V29.Test", "Tyuiu.GolubevDS.Sprint4.Task0.V29.Test\Tyuiu.GolubevDS.Sprint4.Task0.V29.Test.csproj", "{26B8C05A-FA27-4554-83F0-39C0C05E52B1}"
EndProject
Project("{9A19103F-16F7-4668-BE54-9A1E7A4F7556}") = "Tyuiu.GolubevDS.Sprint4.Task0.V29.Lib", "Tyuiu.GolubevDS.Sprint4.Task0.V29.Lib\Tyuiu.GolubevDS.Sprint4.Task0.V29.Lib.csproj", "{FD89BC3B-9114-4AFB-8CE4-0118C5AAB257}"
EndProject
Project("{2150E333-8FDC-42A3-9474-1A3956D46DE8}") = "Task1", "Task1", "{4A3BBDBF-16E3-4069-B797-293C50D64505}"
EndProject
Project("{9A19103F-16F7-4668-BE54-9A1E7A4F7556}") = "Tyuiu.GolubevDS.Sprint4.Task1.V12", "Tyuiu.GolubevDS.Sprint4.Task1.V12\Tyuiu.GolubevDS.Sprint4.Task1.V12.csproj", "{C93FFB3D-C23D-40D6-8D1E-9A893C67657B}"
EndProject
Project("{9A19103F-16F7-4668-BE54-9A1E7A4F7556}") = "Tyuiu.GolubevDS.Sprint4.Task1.V12.Test", "Tyuiu.GolubevDS.Sprint4.Task1.V12.Test\Tyuiu.GolubevDS.Sprint4.Task1.V12.Test.csproj", "{2D1F839F-120C-42D3-99D2-350BEF5296B1}"
EndProject
Project("{9A19103F-16F7-4668-BE54-9A1E7A4F7556}") = "Tyuiu.GolubevDS.Sprint4.Task1.V12.Lib", "Tyuiu.GolubevDS.Sprint4.Task1.V12.Lib\Tyuiu.GolubevDS.Sprint4.Task1.V12.Lib.csproj", "{6927EF0A-33E5-4B8E-94CA-3ADB58E0E6EC}"
EndProject
Project("{2150E333-8FDC-42A3-9474-1A3956D46DE8}") = "Task2", "Task2", "{F558D01A-48A7-47B0-9130-5F5A40FFBE5B}"
EndProject
Project("{9A19103F-16F7-4668-BE54-9A1E7A4F7556}") = "Tyuiu.GolubevDS.Sprint4.Task2.V13", "Tyuiu.GolubevDS.Sprint4.Task2.V13\Tyuiu.GolubevDS.Sprint4.Task2.V13.csproj", "{7FFEF4E4-7CC0-4F0F-95D0-517FC3CBC647}"
EndProject
Project("{9A19103F-16F7-4668-BE54-9A1E7A4F7556}") = "Tyuiu.GolubevDS.Sprint4.Task2.V13.Test", "Tyuiu.GolubevDS.Sprint4.Task2.V13.Test\Tyuiu.GolubevDS.Sprint4.Task2.V13.Test.csproj", "{5264B18D-D9ED-4646-A372-1E60437C46E8}"
EndProject
Project("{9A19103F-16F7-4668-BE54-9A1E7A4F7556}") = "Tyuiu.GolubevDS.Sprint4.Task2.V13.Lib", "Tyuiu.GolubevDS.Sprint4.Task2.V13.Lib\Tyuiu.GolubevDS.Sprint4.Task2.V13.Lib.csproj", "{51BAA9C0-149A-4739-B8C9-C312339FDACB}"
EndProject
Project("{2150E333-8FDC-42A3-9474-1A3956D46DE8}") = "Task3", "Task3", "{E7030920-959D-4BBA-9C49-8D13030830EA}"
EndProject
Project("{9A19103F-16F7-4668-BE54-9A1E7A4F7556}") = "Tyuiu.GolubevDS.Sprint4.Task3.V23", "Tyuiu.GolubevDS.Sprint4.Task3.V23\Tyuiu.GolubevDS.Sprint4.Task3.V23.csproj", "{AB6BDAD6-DB95-4794-AA8D-08A8BAF3879F}"
EndProject
Project("{9A19103F-16F7-4668-BE54-9A1E7A4F7556}") = "Tyuiu.GolubevDS.Sprint4.Task3.V23.Test", "Tyuiu.GolubevDS.Sprint4.Task3.V23.Test\Tyuiu.GolubevDS.Sprint4.Task3.V23.Test.csproj", "{42F4C908-8FCE-4FE7-8D99-865E981267A0}"
EndProject
Project("{9A19103F-16F7-4668-BE54-9A1E7A4F7556}") = "Tyuiu.GolubevDS.Sprint4.Task3.V23.Lib", "Tyuiu.GolubevDS.Sprint4.Task3.V23.Lib\Tyuiu.GolubevDS.Sprint4.Task3.V23.Lib.csproj", "{EC59F8DC-1BC4-4DFC-912E-B1494D406609}"
EndProject
Project("{2150E333-8FDC-42A3-9474-1A3956D46DE8}") = "Task4", "Task4", "{8E48F0AD-E962-4EEE-A088-8C208591EC33}"
EndProject
Project("{FAE04EC0-301F-11D3-BF4B-00C04F79EFBC}") = "Tyuiu.GolubevDS.Sprint4.Task4.V25", "Tyuiu.GolubevDS.Sprint4.Task4.V25\Tyuiu.GolubevDS.Sprint4.Task4.V25.csproj", "{AC85B87A-F8F3-4788-BECF-953E4F64760F}"
EndProject
Project("{FAE04EC0-301F-11D3-BF4B-00C04F79EFBC}") = "Tyuiu.GolubevDS.Sprint4.Task4.V25.Test", "Tyuiu.GolubevDS.Sprint4.Task4.V25.Test\Tyuiu.GolubevDS.Sprint4.Task4.V25.Test.csproj", "{04BCDCC6-3966-48DD-8A83-35C60D62887D}"
EndProject
Project("{FAE04EC0-301F-11D3-BF4B-00C04F79EFBC}") = "Tyuiu.GolubevDS.Sprint4.Task4.V25.Lib", "Tyuiu.GolubevDS.Sprint4.Task4.V25.Lib\Tyuiu.GolubevDS.Sprint4.Task4.V25.Lib.csproj", "{9C253387-5354-4CF5-92B8-6EEF94DA587A}"
EndProject
Global
	GlobalSection(SolutionConfigurationPlatforms) = preSolution
		Debug|Any CPU = Debug|Any CPU
		Release|Any CPU = Release|Any CPU
	EndGlobalSection
	GlobalSection(ProjectConfigurationPlatforms) = postSolution
		{062A4BAE-1ED5-47D3-A4D6-B263D53C2C59}.Debug|Any CPU.ActiveCfg = Debug|Any CPU
		{062A4BAE-1ED5-47D3-A4D6-B263D53C2C59}.Debug|Any CPU.Build.0 = Debug|Any CPU
		{062A4BAE-1ED5-47D3-A4D6-B263D53C2C59}.Release|Any CPU.ActiveCfg = Release|Any CPU
		{062A4BAE-1ED5-47D3-A4D6-B263D53C2C59}.Release|Any CPU.Build.0 = Release|Any CPU
		{26B8C05A-FA27-4554-83F0-39C0C05E52B1}.Debug|Any CPU.ActiveCfg = Debug|Any CPU
		{26B8C05A-FA27-4554-83F0-39C0C05E52B1}.Debug|Any CPU.Build.0 = Debug|Any CPU
		{26B8C05A-FA27-4554-83F0-39C0C05E52B1}.Release|Any CPU.ActiveCfg = Release|Any CPU
		{26B8C05A-FA27-4554-83F0-39C0C05E52B1}.Release|Any CPU.Build.0 = Release|Any CPU
		{FD89BC3B-9114-4AFB-8CE4-0118C5AAB257}.Debug|Any CPU.ActiveCfg = Debug|Any CPU
		{FD89BC3B-9114-4AFB-8CE4-0118C5AAB257}.Debug|Any CPU.Build.0 = Debug|Any CPU
		{FD89BC3B-9114-4AFB-8CE4-0118C5AAB257}.Release|Any CPU.ActiveCfg = Release|Any CPU
		{FD89BC3B-9114-4AFB-8CE4-0118C5AAB257}.Release|Any CPU.Build.0 = Release|Any CPU
		{C93FFB3D-C23D-40D6-8D1E-9A893C67657B}.Debug|Any CPU.ActiveCfg = Debug|Any CPU
		{C93FFB3D-C23D-40D6-8D1E-9A893C67657B}.Debug|Any CPU.Build.0 = Debug|Any CPU
		{C93FFB3D-C23D-40D6-8D1E-9A893C67657B}.Release|Any CPU.ActiveCfg = Release|Any CPU
		{C93FFB3D-C23D-40D6-8D1E-9A893C67657B}.Release|Any CPU.Build.0 = Release|Any CPU
		{2D1F839F-120C-42D3-99D2-350BEF5296B1}.Debug|Any CPU.ActiveCfg = Debug|Any CPU
		{2D1F839F-120C-42D3-99D2-350BEF5296B1}.Debug|Any CPU.Build.0 = Debug|Any CPU
		{2D1F839F-120C-42D3-99D2-350BEF5296B1}.Release|Any CPU.ActiveCfg = Release|Any CPU
		{2D1F839F-120C-42D3-99D2-350BEF5296B1}.Release|Any CPU.Build.0 = Release|Any CPU
		{6927EF0A-33E5-4B8E-94CA-3ADB58E0E6EC}.Debug|Any CPU.ActiveCfg = Debug|Any CPU
		{6927EF0A-33E5-4B8E-94CA-3ADB58E0E6EC}.Debug|Any CPU.Build.0 = Debug|Any CPU
		{6927EF0A-33E5-4B8E-94CA-3ADB58E0E6EC}.Release|Any CPU.ActiveCfg = Release|Any CPU
		{6927EF0A-33E5-4B8E-94CA-3ADB58E0E6EC}.Release|Any CPU.Build.0 = Release|Any CPU
		{7FFEF4E4-7CC0-4F0F-95D0-517FC3CBC647}.Debug|Any CPU.ActiveCfg = Debug|Any CPU
		{7FFEF4E4-7CC0-4F0F-95D0-517FC3CBC647}.Debug|Any CPU.Build.0 = Debug|Any CPU
		{7FFEF4E4-7CC0-4F0F-95D0-517FC3CBC647}.Release|Any CPU.ActiveCfg = Release|Any CPU
		{7FFEF4E4-7CC0-4F0F-95D0-517FC3CBC647}.Release|Any CPU.Build.0 = Release|Any CPU
		{5264B18D-D9ED-4646-A372-1E60437C46E8}.Debug|Any CPU.ActiveCfg = Debug|Any CPU
		{5264B18D-D9ED-4646-A372-1E60437C46E8}.Debug|Any CPU.Build.0 = Debug|Any CPU
		{5264B18D-D9ED-4646-A372-1E60437C46E8}.Release|Any CPU.ActiveCfg = Release|Any CPU
		{5264B18D-D9ED-4646-A372-1E60437C46E8}.Release|Any CPU.Build.0 = Release|Any CPU
		{51BAA9C0-149A-4739-B8C9-C312339FDACB}.Debug|Any CPU.ActiveCfg = Debug|Any CPU
		{51BAA9C0-149A-4739-B8C9-C312339FDACB}.Debug|Any CPU.Build.0 = Debug|Any CPU
		{51BAA9C0-149A-4739-B8C9-C312339FDACB}.Release|Any CPU.ActiveCfg = Release|Any CPU
		{51BAA9C0-149A-4739-B8C9-C312339FDACB}.Release|Any CPU.Build.0 = Release|Any CPU
		{AB6BDAD6-DB95-4794-AA8D-08A8BAF3879F}.Debug|Any CPU.ActiveCfg = Debug|Any CPU
		{AB6BDAD6-DB95-4794-AA8D-08A8BAF3879F}.Debug|Any CPU.Build.0 = Debug|Any CPU
		{AB6BDAD6-DB95-4794-AA8D-08A8BAF3879F}.Release|Any CPU.ActiveCfg = Release|Any CPU
		{AB6BDAD6-DB95-4794-AA8D-08A8BAF3879F}.Release|Any CPU.Build.0 = Release|Any CPU
		{42F4C908-8FCE-4FE7-8D99-865E981267A0}.Debug|Any CPU.ActiveCfg = Debug|Any CPU
		{42F4C908-8FCE-4FE7-8D99-865E981267A0}.Debug|Any CPU.Build.0 = Debug|Any CPU
		{42F4C908-8FCE-4FE7-8D99-865E981267A0}.Release|Any CPU.ActiveCfg = Release|Any CPU
		{42F4C908-8FCE-4FE7-8D99-865E981267A0}.Release|Any CPU.Build.0 = Release|Any CPU
		{EC59F8DC-1BC4-4DFC-912E-B1494D406609}.Debug|Any CPU.ActiveCfg = Debug|Any CPU
		{EC59F8DC-1BC4-4DFC-912E-B1494D406609}.Debug|Any CPU.Build.0 = Debug|Any CPU
		{EC59F8DC-1BC4-4DFC-912E-B1494D406609}.Release|Any CPU.ActiveCfg = Release|Any CPU
		{EC59F8DC-1BC4-4DFC-912E-B1494D406609}.Release|Any CPU.Build.0 = Release|Any CPU
		{AC85B87A-F8F3-4788-BECF-953E4F64760F}.Debug|Any CPU.ActiveCfg = Debug|Any CPU
		{AC85B87A-F8F3-4788-BECF-953E4F64760F}.Debug|Any CPU.Build.0 = Debug|Any CPU
		{AC85B87A-F8F3-4788-BECF-953E4F64760F}.Release|Any CPU.ActiveCfg = Release|Any CPU
		{AC85B87A-F8F3-4788-BECF-953E4F64760F}.Release|Any CPU.Build.0 = Release|Any CPU
		{04BCDCC6-3966-48DD-8A83-35C60D62887D}.Debug|Any CPU.ActiveCfg = Debug|Any CPU
		{04BCDCC6-3966-48DD-8A83-35C60D62887D}.Debug|Any CPU.Build.0 = Debug|Any CPU
		{04BCDCC6-3966-48DD-8A83-35C60D62887D}.Release|Any CPU.ActiveCfg = Release|Any CPU
		{04BCDCC6-3966-48DD-8A83-35C60D62887D}.Release|Any CPU.Build.0 = Release|Any CPU
		{9C253387-5354-4CF5-92B8-6EEF94DA587A}.Debug|Any CPU.ActiveCfg = Debug|Any CPU
		{9C253387-5354-4CF5-92B8-6EEF94DA587A}.Debug|Any CPU.Build.0 = Debug|Any CPU
		{9C253387-5354-4CF5-92B8-6EEF94DA587A}.Release|Any CPU.ActiveCfg = Release|Any CPU
		{9C253387-5354-4CF5-92B8-6EEF94DA587A}.Release|Any CPU.Build.0 = Release|Any CPU
	EndGlobalSection
	GlobalSection(SolutionProperties) = preSolution
		HideSolutionNode = FALSE
	EndGlobalSection
	GlobalSection(NestedProjects) = preSolution
		{062A4BAE-1ED5-47D3-A4D6-B263D53C2C59} = {1FA21750-5B76-481C-86B6-09057599A65D}
		{26B8C05A-FA27-4554-83F0-39C0C05E52B1} = {1FA21750-5B76-481C-86B6-09057599A65D}
		{FD89BC3B-9114-4AFB-8CE4-0118C5AAB257} = {1FA21750-5B76-481C-86B6-09057599A65D}
		{C93FFB3D-C23D-40D6-8D1E-9A893C67657B} = {4A3BBDBF-16E3-4069-B797-293C50D64505}
		{2D1F839F-120C-42D3-99D2-350BEF5296B1} = {4A3BBDBF-16E3-4069-B797-293C50D64505}
		{6927EF0A-33E5-4B8E-94CA-3ADB58E0E6EC} = {4A3BBDBF-16E3-4069-B797-293C50D64505}
		{7FFEF4E4-7CC0-4F0F-95D0-517FC3CBC647} = {F558D01A-48A7-47B0-9130-5F5A40FFBE5B}
		{5264B18D-D9ED-4646-A372-1E60437C46E8} = {F558D01A-48A7-47B0-9130-5F5A40FFBE5B}
		{51BAA9C0-149A-4739-B8C9-C312339FDACB} = {F558D01A-48A7-47B0-9130-5F5A40FFBE5B}
		{AB6BDAD6-DB95-4794-AA8D-08A8BAF3879F} = {E7030920-959D-4BBA-9C49-8D13030830EA}
		{42F4C908-8FCE-4FE7-8D99-865E981267A0} = {E7030920-959D-4BBA-9C49-8D13030830EA}
		{EC59F8DC-1BC4-4DFC-912E-B1494D406609} = {E7030920-959D-4BBA-9C49-8D13030830EA}
		{AC85B87A-F8F3-4788-BECF-953E4F64760F} = {8E48F0AD-E962-4EEE-A088-8C208591EC33}
		{04BCDCC6-3966-48DD-8A83-35C60D62887D} = {8E48F0AD-E962-4EEE-A088-8C208591EC33}
		{9C253387-5354-4CF5-92B8-6EEF94DA587A} = {8E48F0AD-E962-4EEE-A088-8C208591EC33}
	EndGlobalSection
	GlobalSection(ExtensibilityGlobals) = postSolution
		SolutionGuid = {E5A8E082-7EF5-4D4A-AC85-F42864C76354}
	EndGlobalSection
EndGlobal
